
Microsoft Visual Studio Solution File, Format Version 12.00
# Visual Studio Version 16
VisualStudioVersion = 16.0.29728.190
MinimumVisualStudioVersion = 10.0.40219.1
Project("{8BC9CEB8-8B4A-11D0-8D11-00A0C91BC942}") = "Dodger", "Dodger\Dodger.vcxproj", "{86DD6E34-339E-44B2-8D9B-50B3E0A363BC}"
EndProject
Project("{8BC9CEB8-8B4A-11D0-8D11-00A0C91BC942}") = "Snake", "Snake\Snake.vcxproj", "{E171DF83-10CE-4AF5-B472-D90A6B4C74C6}"
EndProject
Project("{8BC9CEB8-8B4A-11D0-8D11-00A0C91BC942}") = "Hangman", "Hangman\Hangman.vcxproj", "{EC7313AF-AA5D-4011-918D-F59F89B5DF2E}"
EndProject
Global
	GlobalSection(SolutionConfigurationPlatforms) = preSolution
		Debug|x64 = Debug|x64
		Debug|x86 = Debug|x86
		Release|x64 = Release|x64
		Release|x86 = Release|x86
	EndGlobalSection
	GlobalSection(ProjectConfigurationPlatforms) = postSolution
		{86DD6E34-339E-44B2-8D9B-50B3E0A363BC}.Debug|x64.ActiveCfg = Debug|x64
		{86DD6E34-339E-44B2-8D9B-50B3E0A363BC}.Debug|x64.Build.0 = Debug|x64
		{86DD6E34-339E-44B2-8D9B-50B3E0A363BC}.Debug|x86.ActiveCfg = Debug|Win32
		{86DD6E34-339E-44B2-8D9B-50B3E0A363BC}.Debug|x86.Build.0 = Debug|Win32
		{86DD6E34-339E-44B2-8D9B-50B3E0A363BC}.Release|x64.ActiveCfg = Release|x64
		{86DD6E34-339E-44B2-8D9B-50B3E0A363BC}.Release|x64.Build.0 = Release|x64
		{86DD6E34-339E-44B2-8D9B-50B3E0A363BC}.Release|x86.ActiveCfg = Release|Win32
		{86DD6E34-339E-44B2-8D9B-50B3E0A363BC}.Release|x86.Build.0 = Release|Win32
		{E171DF83-10CE-4AF5-B472-D90A6B4C74C6}.Debug|x64.ActiveCfg = Debug|x64
		{E171DF83-10CE-4AF5-B472-D90A6B4C74C6}.Debug|x64.Build.0 = Debug|x64
		{E171DF83-10CE-4AF5-B472-D90A6B4C74C6}.Debug|x86.ActiveCfg = Debug|Win32
		{E171DF83-10CE-4AF5-B472-D90A6B4C74C6}.Debug|x86.Build.0 = Debug|Win32
		{E171DF83-10CE-4AF5-B472-D90A6B4C74C6}.Release|x64.ActiveCfg = Release|x64
		{E171DF83-10CE-4AF5-B472-D90A6B4C74C6}.Release|x64.Build.0 = Release|x64
		{E171DF83-10CE-4AF5-B472-D90A6B4C74C6}.Release|x86.ActiveCfg = Release|Win32
		{E171DF83-10CE-4AF5-B472-D90A6B4C74C6}.Release|x86.Build.0 = Release|Win32
		{EC7313AF-AA5D-4011-918D-F59F89B5DF2E}.Debug|x64.ActiveCfg = Debug|x64
		{EC7313AF-AA5D-4011-918D-F59F89B5DF2E}.Debug|x64.Build.0 = Debug|x64
		{EC7313AF-AA5D-4011-918D-F59F89B5DF2E}.Debug|x86.ActiveCfg = Debug|Win32
		{EC7313AF-AA5D-4011-918D-F59F89B5DF2E}.Debug|x86.Build.0 = Debug|Win32
		{EC7313AF-AA5D-4011-918D-F59F89B5DF2E}.Release|x64.ActiveCfg = Release|x64
		{EC7313AF-AA5D-4011-918D-F59F89B5DF2E}.Release|x64.Build.0 = Release|x64
		{EC7313AF-AA5D-4011-918D-F59F89B5DF2E}.Release|x86.ActiveCfg = Release|Win32
		{EC7313AF-AA5D-4011-918D-F59F89B5DF2E}.Release|x86.Build.0 = Release|Win32
	EndGlobalSection
	GlobalSection(SolutionProperties) = preSolution
		HideSolutionNode = FALSE
	EndGlobalSection
	GlobalSection(ExtensibilityGlobals) = postSolution
		SolutionGuid = {D4BC167F-6B71-4433-955D-35BC15EB0932}
	EndGlobalSection
EndGlobal
